
Microsoft Visual Studio Solution File, Format Version 12.00
# Visual Studio Version 17
VisualStudioVersion = 17.11.35312.102
MinimumVisualStudioVersion = 10.0.40219.1
Project("{2150E333-8FDC-42A3-9474-1A3956D46DE8}") = "1-Presentation", "1-Presentation", "{9B54D354-B23A-47F8-AF90-A1CC344BBC01}"
EndProject
Project("{2150E333-8FDC-42A3-9474-1A3956D46DE8}") = "2-Application", "2-Application", "{24095C26-94E3-407F-B46E-70A929DCF312}"
EndProject
Project("{2150E333-8FDC-42A3-9474-1A3956D46DE8}") = "3-Domain", "3-Domain", "{F4027F11-B962-40B0-9FD9-FE844FB5C49C}"
EndProject
Project("{2150E333-8FDC-42A3-9474-1A3956D46DE8}") = "4-Infraestructure", "4-Infraestructure", "{06ACEEFB-3088-4A41-8D66-B1CFAF997F90}"
EndProject
Project("{2150E333-8FDC-42A3-9474-1A3956D46DE8}") = "5-Common", "5-Common", "{4CCA108E-9578-4175-8E85-CC612A7BD0F6}"
EndProject
Project("{FAE04EC0-301F-11D3-BF4B-00C04F79EFBC}") = "DCXAirTest.API", "DCXAirTest.API\DCXAirTest.API.csproj", "{352895C0-096A-4905-985B-E228C70B3514}"
EndProject
Project("{FAE04EC0-301F-11D3-BF4B-00C04F79EFBC}") = "DCXAirTest.Application.Contracts", "DCXAirTest.Application.Contracts\DCXAirTest.Application.Contracts.csproj", "{2D672C19-8751-476D-9116-69075F3403A1}"
EndProject
Project("{FAE04EC0-301F-11D3-BF4B-00C04F79EFBC}") = "DCXAirTest.Application.DTO", "DCXAirTest.Application.DTO\DCXAirTest.Application.DTO.csproj", "{B76E0C9E-02DD-44E6-84C5-EB3CF0F5D7B9}"
EndProject
Project("{FAE04EC0-301F-11D3-BF4B-00C04F79EFBC}") = "DCXAirTest.Application.Implementations", "DCXAirTest.Application.Implementations\DCXAirTest.Application.Implementations.csproj", "{F3460507-9B26-4654-B11D-3B034EB24C91}"
EndProject
Project("{FAE04EC0-301F-11D3-BF4B-00C04F79EFBC}") = "DCXAirTest.Application.Validators", "DCXAirTest.Application.Validators\DCXAirTest.Application.Validators.csproj", "{50FFF53D-3B85-416A-A941-FC8CF716A550}"
EndProject
Project("{FAE04EC0-301F-11D3-BF4B-00C04F79EFBC}") = "DCXAirTest.Domain.Core", "DCXAirTest.Domain.Core\DCXAirTest.Domain.Core.csproj", "{D7C29E4D-5448-47DD-81C8-8CF443BEA3BC}"
EndProject
Project("{FAE04EC0-301F-11D3-BF4B-00C04F79EFBC}") = "DCXAirTest.Domain.Entity", "DCXAirTest.Domain.Entity\DCXAirTest.Domain.Entity.csproj", "{B79FAE09-7E6B-43FF-8709-A2A4F3192385}"
EndProject
Project("{FAE04EC0-301F-11D3-BF4B-00C04F79EFBC}") = "DCXAirTest.Domain.Interface", "DCXAirTest.Domain.Interface\DCXAirTest.Domain.Interface.csproj", "{25709DFE-9DEF-48E6-B344-33F31B62B761}"
EndProject
Project("{FAE04EC0-301F-11D3-BF4B-00C04F79EFBC}") = "DCXAirTest.Domain.Repository", "DCXAirTest.Domain.Repository\DCXAirTest.Domain.Repository.csproj", "{CF9B409A-13F5-46FD-9C40-B7CEAD6F75B4}"
EndProject
Project("{FAE04EC0-301F-11D3-BF4B-00C04F79EFBC}") = "DCXAirTest.Infraestructure.Contracts", "DCXAirTest.Infraestructure.Contracts\DCXAirTest.Infraestructure.Contracts.csproj", "{57A182BE-7F31-4FED-BA2A-BD7E2DC9259B}"
EndProject
Project("{FAE04EC0-301F-11D3-BF4B-00C04F79EFBC}") = "DCXAirTest.Infraestructure.Repository", "DCXAirTest.Infraestructure.Repository\DCXAirTest.Infraestructure.Repository.csproj", "{CC8577D7-1732-41C3-951F-155CD7BD15ED}"
EndProject
Project("{FAE04EC0-301F-11D3-BF4B-00C04F79EFBC}") = "DCXAirTest.Infraestructure.Data", "DCXAirTest.Infraestructure.Data\DCXAirTest.Infraestructure.Data.csproj", "{F5FB3D18-2984-45C6-B9FA-ED4259254EF2}"
EndProject
Project("{FAE04EC0-301F-11D3-BF4B-00C04F79EFBC}") = "DCXAirTest.Common", "DCXAirTest.Common\DCXAirTest.Common.csproj", "{04A08F5E-693A-4F72-88C0-39452F966F00}"
EndProject
Project("{FAE04EC0-301F-11D3-BF4B-00C04F79EFBC}") = "DCXAirTest.Common.Logging", "DCXAirTest.Common.Logging\DCXAirTest.Common.Logging.csproj", "{98B273AF-0450-4BE6-B1E9-63587DD9A831}"
EndProject
Project("{FAE04EC0-301F-11D3-BF4B-00C04F79EFBC}") = "DCXAirTest.Common.Map", "DCXAirTest.Common.Map\DCXAirTest.Common.Map.csproj", "{F6059A0F-541F-4093-8454-B19DDC574C45}"
EndProject
Global
	GlobalSection(SolutionConfigurationPlatforms) = preSolution
		Debug|Any CPU = Debug|Any CPU
		Release|Any CPU = Release|Any CPU
	EndGlobalSection
	GlobalSection(ProjectConfigurationPlatforms) = postSolution
		{352895C0-096A-4905-985B-E228C70B3514}.Debug|Any CPU.ActiveCfg = Debug|Any CPU
		{352895C0-096A-4905-985B-E228C70B3514}.Debug|Any CPU.Build.0 = Debug|Any CPU
		{352895C0-096A-4905-985B-E228C70B3514}.Release|Any CPU.ActiveCfg = Release|Any CPU
		{352895C0-096A-4905-985B-E228C70B3514}.Release|Any CPU.Build.0 = Release|Any CPU
		{2D672C19-8751-476D-9116-69075F3403A1}.Debug|Any CPU.ActiveCfg = Debug|Any CPU
		{2D672C19-8751-476D-9116-69075F3403A1}.Debug|Any CPU.Build.0 = Debug|Any CPU
		{2D672C19-8751-476D-9116-69075F3403A1}.Release|Any CPU.ActiveCfg = Release|Any CPU
		{2D672C19-8751-476D-9116-69075F3403A1}.Release|Any CPU.Build.0 = Release|Any CPU
		{B76E0C9E-02DD-44E6-84C5-EB3CF0F5D7B9}.Debug|Any CPU.ActiveCfg = Debug|Any CPU
		{B76E0C9E-02DD-44E6-84C5-EB3CF0F5D7B9}.Debug|Any CPU.Build.0 = Debug|Any CPU
		{B76E0C9E-02DD-44E6-84C5-EB3CF0F5D7B9}.Release|Any CPU.ActiveCfg = Release|Any CPU
		{B76E0C9E-02DD-44E6-84C5-EB3CF0F5D7B9}.Release|Any CPU.Build.0 = Release|Any CPU
		{F3460507-9B26-4654-B11D-3B034EB24C91}.Debug|Any CPU.ActiveCfg = Debug|Any CPU
		{F3460507-9B26-4654-B11D-3B034EB24C91}.Debug|Any CPU.Build.0 = Debug|Any CPU
		{F3460507-9B26-4654-B11D-3B034EB24C91}.Release|Any CPU.ActiveCfg = Release|Any CPU
		{F3460507-9B26-4654-B11D-3B034EB24C91}.Release|Any CPU.Build.0 = Release|Any CPU
		{50FFF53D-3B85-416A-A941-FC8CF716A550}.Debug|Any CPU.ActiveCfg = Debug|Any CPU
		{50FFF53D-3B85-416A-A941-FC8CF716A550}.Debug|Any CPU.Build.0 = Debug|Any CPU
		{50FFF53D-3B85-416A-A941-FC8CF716A550}.Release|Any CPU.ActiveCfg = Release|Any CPU
		{50FFF53D-3B85-416A-A941-FC8CF716A550}.Release|Any CPU.Build.0 = Release|Any CPU
		{D7C29E4D-5448-47DD-81C8-8CF443BEA3BC}.Debug|Any CPU.ActiveCfg = Debug|Any CPU
		{D7C29E4D-5448-47DD-81C8-8CF443BEA3BC}.Debug|Any CPU.Build.0 = Debug|Any CPU
		{D7C29E4D-5448-47DD-81C8-8CF443BEA3BC}.Release|Any CPU.ActiveCfg = Release|Any CPU
		{D7C29E4D-5448-47DD-81C8-8CF443BEA3BC}.Release|Any CPU.Build.0 = Release|Any CPU
		{B79FAE09-7E6B-43FF-8709-A2A4F3192385}.Debug|Any CPU.ActiveCfg = Debug|Any CPU
		{B79FAE09-7E6B-43FF-8709-A2A4F3192385}.Debug|Any CPU.Build.0 = Debug|Any CPU
		{B79FAE09-7E6B-43FF-8709-A2A4F3192385}.Release|Any CPU.ActiveCfg = Release|Any CPU
		{B79FAE09-7E6B-43FF-8709-A2A4F3192385}.Release|Any CPU.Build.0 = Release|Any CPU
		{25709DFE-9DEF-48E6-B344-33F31B62B761}.Debug|Any CPU.ActiveCfg = Debug|Any CPU
		{25709DFE-9DEF-48E6-B344-33F31B62B761}.Debug|Any CPU.Build.0 = Debug|Any CPU
		{25709DFE-9DEF-48E6-B344-33F31B62B761}.Release|Any CPU.ActiveCfg = Release|Any CPU
		{25709DFE-9DEF-48E6-B344-33F31B62B761}.Release|Any CPU.Build.0 = Release|Any CPU
		{CF9B409A-13F5-46FD-9C40-B7CEAD6F75B4}.Debug|Any CPU.ActiveCfg = Debug|Any CPU
		{CF9B409A-13F5-46FD-9C40-B7CEAD6F75B4}.Debug|Any CPU.Build.0 = Debug|Any CPU
		{CF9B409A-13F5-46FD-9C40-B7CEAD6F75B4}.Release|Any CPU.ActiveCfg = Release|Any CPU
		{CF9B409A-13F5-46FD-9C40-B7CEAD6F75B4}.Release|Any CPU.Build.0 = Release|Any CPU
		{57A182BE-7F31-4FED-BA2A-BD7E2DC9259B}.Debug|Any CPU.ActiveCfg = Debug|Any CPU
		{57A182BE-7F31-4FED-BA2A-BD7E2DC9259B}.Debug|Any CPU.Build.0 = Debug|Any CPU
		{57A182BE-7F31-4FED-BA2A-BD7E2DC9259B}.Release|Any CPU.ActiveCfg = Release|Any CPU
		{57A182BE-7F31-4FED-BA2A-BD7E2DC9259B}.Release|Any CPU.Build.0 = Release|Any CPU
		{CC8577D7-1732-41C3-951F-155CD7BD15ED}.Debug|Any CPU.ActiveCfg = Debug|Any CPU
		{CC8577D7-1732-41C3-951F-155CD7BD15ED}.Debug|Any CPU.Build.0 = Debug|Any CPU
		{CC8577D7-1732-41C3-951F-155CD7BD15ED}.Release|Any CPU.ActiveCfg = Release|Any CPU
		{CC8577D7-1732-41C3-951F-155CD7BD15ED}.Release|Any CPU.Build.0 = Release|Any CPU
		{F5FB3D18-2984-45C6-B9FA-ED4259254EF2}.Debug|Any CPU.ActiveCfg = Debug|Any CPU
		{F5FB3D18-2984-45C6-B9FA-ED4259254EF2}.Debug|Any CPU.Build.0 = Debug|Any CPU
		{F5FB3D18-2984-45C6-B9FA-ED4259254EF2}.Release|Any CPU.ActiveCfg = Release|Any CPU
		{F5FB3D18-2984-45C6-B9FA-ED4259254EF2}.Release|Any CPU.Build.0 = Release|Any CPU
		{04A08F5E-693A-4F72-88C0-39452F966F00}.Debug|Any CPU.ActiveCfg = Debug|Any CPU
		{04A08F5E-693A-4F72-88C0-39452F966F00}.Debug|Any CPU.Build.0 = Debug|Any CPU
		{04A08F5E-693A-4F72-88C0-39452F966F00}.Release|Any CPU.ActiveCfg = Release|Any CPU
		{04A08F5E-693A-4F72-88C0-39452F966F00}.Release|Any CPU.Build.0 = Release|Any CPU
		{98B273AF-0450-4BE6-B1E9-63587DD9A831}.Debug|Any CPU.ActiveCfg = Debug|Any CPU
		{98B273AF-0450-4BE6-B1E9-63587DD9A831}.Debug|Any CPU.Build.0 = Debug|Any CPU
		{98B273AF-0450-4BE6-B1E9-63587DD9A831}.Release|Any CPU.ActiveCfg = Release|Any CPU
		{98B273AF-0450-4BE6-B1E9-63587DD9A831}.Release|Any CPU.Build.0 = Release|Any CPU
		{F6059A0F-541F-4093-8454-B19DDC574C45}.Debug|Any CPU.ActiveCfg = Debug|Any CPU
		{F6059A0F-541F-4093-8454-B19DDC574C45}.Debug|Any CPU.Build.0 = Debug|Any CPU
		{F6059A0F-541F-4093-8454-B19DDC574C45}.Release|Any CPU.ActiveCfg = Release|Any CPU
		{F6059A0F-541F-4093-8454-B19DDC574C45}.Release|Any CPU.Build.0 = Release|Any CPU
	EndGlobalSection
	GlobalSection(SolutionProperties) = preSolution
		HideSolutionNode = FALSE
	EndGlobalSection
	GlobalSection(NestedProjects) = preSolution
		{352895C0-096A-4905-985B-E228C70B3514} = {9B54D354-B23A-47F8-AF90-A1CC344BBC01}
		{2D672C19-8751-476D-9116-69075F3403A1} = {24095C26-94E3-407F-B46E-70A929DCF312}
		{B76E0C9E-02DD-44E6-84C5-EB3CF0F5D7B9} = {24095C26-94E3-407F-B46E-70A929DCF312}
		{F3460507-9B26-4654-B11D-3B034EB24C91} = {24095C26-94E3-407F-B46E-70A929DCF312}
		{50FFF53D-3B85-416A-A941-FC8CF716A550} = {24095C26-94E3-407F-B46E-70A929DCF312}
		{D7C29E4D-5448-47DD-81C8-8CF443BEA3BC} = {F4027F11-B962-40B0-9FD9-FE844FB5C49C}
		{B79FAE09-7E6B-43FF-8709-A2A4F3192385} = {F4027F11-B962-40B0-9FD9-FE844FB5C49C}
		{25709DFE-9DEF-48E6-B344-33F31B62B761} = {F4027F11-B962-40B0-9FD9-FE844FB5C49C}
		{CF9B409A-13F5-46FD-9C40-B7CEAD6F75B4} = {F4027F11-B962-40B0-9FD9-FE844FB5C49C}
		{57A182BE-7F31-4FED-BA2A-BD7E2DC9259B} = {06ACEEFB-3088-4A41-8D66-B1CFAF997F90}
		{CC8577D7-1732-41C3-951F-155CD7BD15ED} = {06ACEEFB-3088-4A41-8D66-B1CFAF997F90}
		{F5FB3D18-2984-45C6-B9FA-ED4259254EF2} = {06ACEEFB-3088-4A41-8D66-B1CFAF997F90}
		{04A08F5E-693A-4F72-88C0-39452F966F00} = {4CCA108E-9578-4175-8E85-CC612A7BD0F6}
		{98B273AF-0450-4BE6-B1E9-63587DD9A831} = {4CCA108E-9578-4175-8E85-CC612A7BD0F6}
		{F6059A0F-541F-4093-8454-B19DDC574C45} = {4CCA108E-9578-4175-8E85-CC612A7BD0F6}
	EndGlobalSection
	GlobalSection(ExtensibilityGlobals) = postSolution
		SolutionGuid = {E9103811-DFA3-4812-89E3-24CDBEE9395C}
	EndGlobalSection
EndGlobal
